# This file is autogenerated, do not edit; changes may be undone by the next 'dep ensure'.


[[projects]]
  branch = "master"
  name = "github.com/agl/ed25519"
  packages = ["edwards25519"]
  revision = "5312a61534124124185d41f09206b9fef1d88403"

[[projects]]
  name = "github.com/ethereum/go-ethereum"
  packages = ["crypto/sha3"]
  revision = "66432f3821badf24d526f2d9205f36c0543219de"
  version = "v1.8.7"

[[projects]]
  branch = "master"
  name = "golang.org/x/crypto"
  packages = [
    "ed25519",
    "ed25519/internal/edwards25519"
  ]
  revision = "4ec37c66abab2c7e02ae775328b2ff001c3f025a"

[solve-meta]
  analyzer-name = "dep"
  analyzer-version = 1
  inputs-digest = "b5fec122d8a5ff3e6d0f49bb297e96b132d8029519977040137bbde82c37df06"
  solver-name = "gps-cdcl"
  solver-version = 1
